{
  "version": 4,
  "terraform_version": "1.12.2",
  "serial": 61,
  "lineage": "aacd8f7c-39e4-996f-a439-d970fda3dca1",
  "outputs": {
    "APIEndpoint": {
      "value": "https://8d44wyulmc.execute-api.us-east-1.amazonaws.com/Prod",
      "type": "string"
    },
    "CognitoAuthCommand": {
      "value": "aws cognito-idp initiate-auth --auth-flow USER_PASSWORD_AUTH --client-id 50kfqmguh854mesq9pt78rnov8 --region us-east-1 --auth-parameters USERNAME=\u003cuser@example.com\u003e,PASSWORD=\u003cpassword\u003e",
      "type": "string"
    },
    "CognitoLoginURL": {
      "value": "https://50kfqmguh854mesq9pt78rnov8.auth.us-east-1.amazoncognito.com/login?client_id=50kfqmguh854mesq9pt78rnov8\u0026response_type=code\u0026redirect_uri=http://localhost",
      "type": "string"
    },
    "UserPool": {
      "value": "us-east-1_ONQpB7HtT",
      "type": "string"
    },
    "UserPoolAdminGroupName": {
      "value": "apiAdmins",
      "type": "string"
    },
    "UserPoolClient": {
      "value": "50kfqmguh854mesq9pt78rnov8",
      "type": "string"
    },
    "UsersTable": {
      "value": "ws-serverless-patterns_Users",
      "type": "string"
    },
    "dashboard_url": {
      "value": "https://console.aws.amazon.com/cloudwatch/home?region=us-east-1#dashboards:name=ws-serverless-patterns-dashboard",
      "type": "string"
    },
    "userfunctions_lambda": {
      "value": "ws-serverless-patterns_userfunctions_lambda",
      "type": "string"
    },
    "userfunctions_lambda_auth": {
      "value": "ws-serverless-patterns_userfunctions_lambda_auth",
      "type": "string"
    }
  },
  "resources": [
    {
      "mode": "data",
      "type": "archive_file",
      "name": "userfunctions_lambda_auth_zip",
      "provider": "provider[\"registry.terraform.io/hashicorp/archive\"]",
      "instances": [
        {
          "schema_version": 0,
          "attributes": {
            "exclude_symlink_directories": null,
            "excludes": null,
            "id": "88de51fbbe546974b79df9c9bf340edb489a3de0",
            "output_base64sha256": "6vbc1VUYzEFMAtHggW/NfC2lHDF0keQbwW+Y947Z2Yo=",
            "output_base64sha512": "ehF2KbkoBV7V0r7CBWHuUmva0n/NgvQLz6OPa0kvRLxqPibuRvelVkaUSi7CyVKxAHEYgkZFozrrT1MKNEMEjg==",
            "output_file_mode": null,
            "output_md5": "d644839a4317aff32483838ee4a3ab38",
            "output_path": "/tmp/userfunctions_lambda_auth.zip",
            "output_sha": "88de51fbbe546974b79df9c9bf340edb489a3de0",
            "output_sha256": "eaf6dcd55518cc414c02d1e0816fcd7c2da51c317491e41bc16f98f78ed9d98a",
            "output_sha512": "7a117629b928055ed5d2bec20561ee526bdad27fcd82f40bcfa38f6b492f44bc6a3e26ee46f7a55646944a2ec2c952b1007118824645a33aeb4f530a3443048e",
            "output_size": 20084601,
            "source": [],
            "source_content": null,
            "source_content_filename": null,
            "source_dir": "src/authorizer/",
            "source_file": null,
            "type": "zip"
          },
          "sensitive_attributes": [],
          "identity_schema_version": 0
        }
      ]
    },
    {
      "mode": "data",
      "type": "archive_file",
      "name": "userfunctions_lambda_zip",
      "provider": "provider[\"registry.terraform.io/hashicorp/archive\"]",
      "instances": [
        {
          "schema_version": 0,
          "attributes": {
            "exclude_symlink_directories": null,
            "excludes": null,
            "id": "5e0f9600b1fca381a144298385860037e459fa09",
            "output_base64sha256": "EAmv3eHnDVVSGJTCIgq9MuBNFHX9Xqcsyloyid9hy0I=",
            "output_base64sha512": "GL/gBZ07eB8IIAqI5l3GF0j7/s0MY8CeYRhKRq5C7QzMT+n0qrrdS2GP9d83+sFnBLINenxdWsFE9ZfUymbG/Q==",
            "output_file_mode": null,
            "output_md5": "dec6b02a24d5420d7b9eeae3f113e466",
            "output_path": "/tmp/userfunctions_lambda.zip",
            "output_sha": "5e0f9600b1fca381a144298385860037e459fa09",
            "output_sha256": "1009afdde1e70d55521894c2220abd32e04d1475fd5ea72cca5a3289df61cb42",
            "output_sha512": "18bfe0059d3b781f08200a88e65dc61748fbfecd0c63c09e61184a46ae42ed0ccc4fe9f4aabadd4b618ff5df37fac16704b20d7a7c5d5ac144f597d4ca66c6fd",
            "output_size": 20140432,
            "source": [],
            "source_content": null,
            "source_content_filename": null,
            "source_dir": "src/users/",
            "source_file": null,
            "type": "zip"
          },
          "sensitive_attributes": [],
          "identity_schema_version": 0
        }
      ]
    },
    {
      "mode": "data",
      "type": "aws_caller_identity",
      "name": "current",
      "provider": "provider[\"registry.terraform.io/hashicorp/aws\"]",
      "instances": [
        {
          "schema_version": 0,
          "attributes": {
            "account_id": "797161732844",
            "arn": "arn:aws:iam::797161732844:user/chris",
            "id": "797161732844",
            "user_id": "AIDA3TGUKXLWE4KRAZF6P"
          },
          "sensitive_attributes": [],
          "identity_schema_version": 0
        }
      ]
    },
    {
      "mode": "data",
      "type": "aws_iam_policy_document",
      "name": "api_logging_role_assume_role_policy",
      "provider": "provider[\"registry.terraform.io/hashicorp/aws\"]",
      "instances": [
        {
          "schema_version": 0,
          "attributes": {
            "id": "2699642182",
            "json": "{\n  \"Version\": \"2012-10-17\",\n  \"Statement\": [\n    {\n      \"Effect\": \"Allow\",\n      \"Action\": \"sts:AssumeRole\",\n      \"Principal\": {\n        \"Service\": \"apigateway.amazonaws.com\"\n      }\n    }\n  ]\n}",
            "minified_json": "{\"Version\":\"2012-10-17\",\"Statement\":[{\"Effect\":\"Allow\",\"Action\":\"sts:AssumeRole\",\"Principal\":{\"Service\":\"apigateway.amazonaws.com\"}}]}",
            "override_json": null,
            "override_policy_documents": null,
            "policy_id": null,
            "source_json": null,
            "source_policy_documents": null,
            "statement": [
              {
                "actions": [
                  "sts:AssumeRole"
                ],
                "condition": [],
                "effect": "Allow",
                "not_actions": [],
                "not_principals": [],
                "not_resources": [],
                "principals": [
                  {
                    "identifiers": [
                      "apigateway.amazonaws.com"
                    ],
                    "type": "Service"
                  }
                ],
                "resources": [],
                "sid": ""
              }
            ],
            "version": "2012-10-17"
          },
          "sensitive_attributes": [],
          "identity_schema_version": 0
        }
      ]
    },
    {
      "mode": "data",
      "type": "aws_region",
      "name": "current",
      "provider": "provider[\"registry.terraform.io/hashicorp/aws\"]",
      "instances": [
        {
          "schema_version": 0,
          "attributes": {
            "description": "US East (N. Virginia)",
            "endpoint": "ec2.us-east-1.amazonaws.com",
            "id": "us-east-1",
            "name": "us-east-1",
            "region": "us-east-1"
          },
          "sensitive_attributes": [],
          "identity_schema_version": 0
        }
      ]
    },
    {
      "mode": "managed",
      "type": "aws_api_gateway_account",
      "name": "settings",
      "provider": "provider[\"registry.terraform.io/hashicorp/aws\"]",
      "instances": [
        {
          "schema_version": 0,
          "attributes": {
            "api_key_version": "4",
            "cloudwatch_role_arn": "arn:aws:iam::797161732844:role/ApiLoggingRole",
            "features": [
              "UsagePlans"
            ],
            "id": "797161732844",
            "region": "us-east-1",
            "throttle_settings": [
              {
                "burst_limit": 5000,
                "rate_limit": 10000
              }
            ]
          },
          "sensitive_attributes": [],
          "identity_schema_version": 0,
          "dependencies": [
            "aws_iam_role.api_logging_role",
            "data.aws_iam_policy_document.api_logging_role_assume_role_policy"
          ]
        }
      ]
    },
    {
      "mode": "managed",
      "type": "aws_api_gateway_deployment",
      "name": "rest_api",
      "provider": "provider[\"registry.terraform.io/hashicorp/aws\"]",
      "instances": [
        {
          "schema_version": 0,
          "attributes": {
            "created_date": "2025-08-30T09:28:34Z",
            "description": "",
            "id": "l5305l",
            "region": "us-east-1",
            "rest_api_id": "8d44wyulmc",
            "triggers": {
              "redeployment": "6ce6aef83c817e86bfc65ee854c80c6a61b546ff"
            },
            "variables": null
          },
          "sensitive_attributes": [],
          "identity_schema_version": 0,
          "private": "bnVsbA==",
          "dependencies": [
            "aws_api_gateway_rest_api.rest_api",
            "aws_cognito_user_pool.user_pool",
            "aws_cognito_user_pool_client.user_pool_client",
            "aws_dynamodb_table.users_table",
            "aws_iam_role.userfunctions_lambda_auth_role",
            "aws_iam_role.userfunctions_lambda_role",
            "aws_lambda_function.userfunctions_lambda",
            "aws_lambda_function.userfunctions_lambda_auth",
            "data.archive_file.userfunctions_lambda_auth_zip",
            "data.archive_file.userfunctions_lambda_zip",
            "data.aws_caller_identity.current",
            "null_resource.build_dependencies",
            "null_resource.build_dependencies_authorizer"
          ],
          "create_before_destroy": true
        }
      ]
    },
    {
      "mode": "managed",
      "type": "aws_api_gateway_rest_api",
      "name": "rest_api",
      "provider": "provider[\"registry.terraform.io/hashicorp/aws\"]",
      "instances": [
        {
          "schema_version": 0,
          "attributes": {
            "api_key_source": "HEADER",
            "arn": "arn:aws:apigateway:us-east-1::/restapis/8d44wyulmc",
            "binary_media_types": [],
            "body": "{\"components\":{\"securitySchemes\":{\"lambdaTokenAuthorizer\":{\"in\":\"header\",\"name\":\"Authorization\",\"type\":\"apiKey\",\"x-amazon-apigateway-authorizer\":{\"authorizerResultTtlInSeconds\":300,\"authorizerUri\":\"arn:aws:apigateway:us-east-1:lambda:path/2015-03-31/functions/arn:aws:lambda:us-east-1:797161732844:function:ws-serverless-patterns_userfunctions_lambda_auth/invocations\",\"type\":\"token\"},\"x-amazon-apigateway-authtype\":\"custom\"}}},\"info\":{\"title\":\"rest_api\",\"version\":\"1.0\"},\"openapi\":\"3.0.1\",\"paths\":{\"/users\":{\"get\":{\"security\":[{\"lambdaTokenAuthorizer\":[]}],\"x-amazon-apigateway-integration\":{\"httpMethod\":\"POST\",\"type\":\"aws_proxy\",\"uri\":\"arn:aws:apigateway:us-east-1:lambda:path/2015-03-31/functions/arn:aws:lambda:us-east-1:797161732844:function:ws-serverless-patterns_userfunctions_lambda/invocations\"}},\"post\":{\"security\":[{\"lambdaTokenAuthorizer\":[]}],\"x-amazon-apigateway-integration\":{\"httpMethod\":\"POST\",\"type\":\"aws_proxy\",\"uri\":\"arn:aws:apigateway:us-east-1:lambda:path/2015-03-31/functions/arn:aws:lambda:us-east-1:797161732844:function:ws-serverless-patterns_userfunctions_lambda/invocations\"}}},\"/users/{userid}\":{\"delete\":{\"security\":[{\"lambdaTokenAuthorizer\":[]}],\"x-amazon-apigateway-integration\":{\"httpMethod\":\"POST\",\"type\":\"aws_proxy\",\"uri\":\"arn:aws:apigateway:us-east-1:lambda:path/2015-03-31/functions/arn:aws:lambda:us-east-1:797161732844:function:ws-serverless-patterns_userfunctions_lambda/invocations\"}},\"get\":{\"security\":[{\"lambdaTokenAuthorizer\":[]}],\"x-amazon-apigateway-integration\":{\"httpMethod\":\"POST\",\"type\":\"aws_proxy\",\"uri\":\"arn:aws:apigateway:us-east-1:lambda:path/2015-03-31/functions/arn:aws:lambda:us-east-1:797161732844:function:ws-serverless-patterns_userfunctions_lambda/invocations\"}},\"put\":{\"security\":[{\"lambdaTokenAuthorizer\":[]}],\"x-amazon-apigateway-integration\":{\"httpMethod\":\"POST\",\"type\":\"aws_proxy\",\"uri\":\"arn:aws:apigateway:us-east-1:lambda:path/2015-03-31/functions/arn:aws:lambda:us-east-1:797161732844:function:ws-serverless-patterns_userfunctions_lambda/invocations\"}},\"security\":[{\"lambdaTokenAuthorizer\":[]}]}}}",
            "created_date": "2025-08-29T22:07:19Z",
            "description": "",
            "disable_execute_api_endpoint": false,
            "endpoint_configuration": [
              {
                "ip_address_type": "ipv4",
                "types": [
                  "REGIONAL"
                ],
                "vpc_endpoint_ids": []
              }
            ],
            "execution_arn": "arn:aws:execute-api:us-east-1:797161732844:8d44wyulmc",
            "fail_on_warnings": null,
            "id": "8d44wyulmc",
            "minimum_compression_size": "",
            "name": "ws-serverless-patterns_rest_api",
            "parameters": null,
            "policy": "",
            "put_rest_api_mode": null,
            "region": "us-east-1",
            "root_resource_id": "pr9jye7wdj",
            "tags": {},
            "tags_all": {}
          },
          "sensitive_attributes": [],
          "identity_schema_version": 0,
          "private": "bnVsbA==",
          "dependencies": [
            "aws_cognito_user_pool.user_pool",
            "aws_cognito_user_pool_client.user_pool_client",
            "aws_dynamodb_table.users_table",
            "aws_iam_role.userfunctions_lambda_auth_role",
            "aws_iam_role.userfunctions_lambda_role",
            "aws_lambda_function.userfunctions_lambda",
            "aws_lambda_function.userfunctions_lambda_auth",
            "data.archive_file.userfunctions_lambda_auth_zip",
            "data.archive_file.userfunctions_lambda_zip",
            "data.aws_caller_identity.current",
            "null_resource.build_dependencies",
            "null_resource.build_dependencies_authorizer"
          ],
          "create_before_destroy": true
        }
      ]
    },
    {
      "mode": "managed",
      "type": "aws_api_gateway_stage",
      "name": "rest_api",
      "provider": "provider[\"registry.terraform.io/hashicorp/aws\"]",
      "instances": [
        {
          "schema_version": 0,
          "attributes": {
            "access_log_settings": [
              {
                "destination_arn": "arn:aws:logs:us-east-1:797161732844:log-group:/ws-serverless-patterns/APIAccessLogs",
                "format": "{\"httpMethod\":\"$context.httpMethod\",\"integrationLatency\":\"$context.integrationLatency\",\"integrationStatus\":\"$context.integrationStatus\",\"ip\":\"$context.identity.sourceIp\",\"protocol\":\"$context.protocol\",\"requestId\":\"$context.requestId\",\"requestTime\":\"$context.requestTime\",\"responseLength\":\"$context.responseLength\",\"routeKey\":\"$context.routeKey\",\"status\":\"$context.status\"}"
              }
            ],
            "arn": "arn:aws:apigateway:us-east-1::/restapis/8d44wyulmc/stages/Prod",
            "cache_cluster_enabled": false,
            "cache_cluster_size": "",
            "canary_settings": [],
            "client_certificate_id": "",
            "deployment_id": "l5305l",
            "description": "",
            "documentation_version": "",
            "execution_arn": "arn:aws:execute-api:us-east-1:797161732844:8d44wyulmc/Prod",
            "id": "ags-8d44wyulmc-Prod",
            "invoke_url": "https://8d44wyulmc.execute-api.us-east-1.amazonaws.com/Prod",
            "region": "us-east-1",
            "rest_api_id": "8d44wyulmc",
            "stage_name": "Prod",
            "tags": {},
            "tags_all": {},
            "variables": {},
            "web_acl_arn": "",
            "xray_tracing_enabled": true
          },
          "sensitive_attributes": [],
          "identity_schema_version": 0,
          "private": "bnVsbA==",
          "dependencies": [
            "aws_api_gateway_deployment.rest_api",
            "aws_api_gateway_rest_api.rest_api",
            "aws_cloudwatch_log_group.access_logs",
            "aws_cognito_user_pool.user_pool",
            "aws_cognito_user_pool_client.user_pool_client",
            "aws_dynamodb_table.users_table",
            "aws_iam_role.api_logging_role",
            "aws_iam_role.userfunctions_lambda_auth_role",
            "aws_iam_role.userfunctions_lambda_role",
            "aws_lambda_function.userfunctions_lambda",
            "aws_lambda_function.userfunctions_lambda_auth",
            "data.archive_file.userfunctions_lambda_auth_zip",
            "data.archive_file.userfunctions_lambda_zip",
            "data.aws_caller_identity.current",
            "data.aws_iam_policy_document.api_logging_role_assume_role_policy",
            "null_resource.build_dependencies",
            "null_resource.build_dependencies_authorizer"
          ]
        }
      ]
    },
    {
      "mode": "managed",
      "type": "aws_cloudwatch_dashboard",
      "name": "application_dashboard",
      "provider": "provider[\"registry.terraform.io/hashicorp/aws\"]",
      "instances": [
        {
          "schema_version": 0,
          "attributes": {
            "dashboard_arn": "arn:aws:cloudwatch::797161732844:dashboard/ws-serverless-patterns-dashboard",
            "dashboard_body": "{\"widgets\":[{\"height\":6,\"width\":6,\"y\":6,\"x\":0,\"type\":\"metric\",\"properties\":{\"metrics\":[[\"AWS/Lambda\",\"Invocations\",\"FunctionName\",\"ws-serverless-patterns_userfunctions_lambda\"],[\".\",\"Errors\",\".\",\".\"],[\".\",\"Throttles\",\".\",\".\"],[\".\",\"Duration\",\".\",\".\",{\"stat\":\"Average\"}],[\".\",\"ConcurrentExecutions\",\".\",\".\",{\"stat\":\"Maximum\"}]],\"view\":\"timeSeries\",\"region\":\"us-east-1\",\"stacked\":false,\"title\":\"Users Lambda\",\"period\":60,\"stat\":\"Sum\"}},{\"height\":6,\"width\":6,\"y\":6,\"x\":6,\"type\":\"metric\",\"properties\":{\"metrics\":[[\"AWS/Lambda\",\"Invocations\",\"FunctionName\",\"ws-serverless-patterns_userfunctions_lambda_auth\"],[\".\",\"Errors\",\".\",\".\"],[\".\",\"Throttles\",\".\",\".\"],[\".\",\"Duration\",\".\",\".\",{\"stat\":\"Average\"}],[\".\",\"ConcurrentExecutions\",\".\",\".\",{\"stat\":\"Maximum\"}]],\"view\":\"timeSeries\",\"region\":\"us-east-1\",\"stacked\":false,\"title\":\"Authorizer Lambda\",\"period\":60,\"stat\":\"Sum\"}},{\"height\":6,\"width\":12,\"y\":0,\"x\":0,\"type\":\"metric\",\"properties\":{\"metrics\":[[\"AWS/ApiGateway\",\"4XXError\",\"ApiName\",\"ws-serverless-patterns_rest_api\",{\"yAxis\":\"right\"}],[\".\",\"5XXError\",\".\",\".\",{\"yAxis\":\"right\"}],[\".\",\"DataProcessed\",\".\",\".\",{\"yAxis\":\"left\"}],[\".\",\"Count\",\".\",\".\",{\"label\":\"Count\",\"yAxis\":\"right\"}],[\".\",\"IntegrationLatency\",\".\",\".\",{\"stat\":\"Average\"}],[\".\",\"Latency\",\".\",\".\",{\"stat\":\"Average\"}]],\"view\":\"timeSeries\",\"stacked\":false,\"region\":\"us-east-1\",\"period\":60,\"stat\":\"Sum\",\"title\":\"API Gateway\"}}]}",
            "dashboard_name": "ws-serverless-patterns-dashboard",
            "id": "ws-serverless-patterns-dashboard",
            "region": "us-east-1"
          },
          "sensitive_attributes": [],
          "identity_schema_version": 0,
          "private": "bnVsbA==",
          "dependencies": [
            "aws_api_gateway_rest_api.rest_api",
            "aws_cognito_user_pool.user_pool",
            "aws_cognito_user_pool_client.user_pool_client",
            "aws_dynamodb_table.users_table",
            "aws_iam_role.userfunctions_lambda_auth_role",
            "aws_iam_role.userfunctions_lambda_role",
            "aws_lambda_function.userfunctions_lambda",
            "aws_lambda_function.userfunctions_lambda_auth",
            "data.archive_file.userfunctions_lambda_auth_zip",
            "data.archive_file.userfunctions_lambda_zip",
            "data.aws_caller_identity.current",
            "null_resource.build_dependencies",
            "null_resource.build_dependencies_authorizer"
          ]
        }
      ]
    },
    {
      "mode": "managed",
      "type": "aws_cloudwatch_log_group",
      "name": "access_logs",
      "provider": "provider[\"registry.terraform.io/hashicorp/aws\"]",
      "instances": [
        {
          "schema_version": 0,
          "attributes": {
            "arn": "arn:aws:logs:us-east-1:797161732844:log-group:/ws-serverless-patterns/APIAccessLogs",
            "id": "/ws-serverless-patterns/APIAccessLogs",
            "kms_key_id": "",
            "log_group_class": "STANDARD",
            "name": "/ws-serverless-patterns/APIAccessLogs",
            "name_prefix": "",
            "region": "us-east-1",
            "retention_in_days": 30,
            "skip_destroy": false,
            "tags": {},
            "tags_all": {}
          },
          "sensitive_attributes": [],
          "identity_schema_version": 0,
          "identity": {
            "account_id": "797161732844",
            "name": "/ws-serverless-patterns/APIAccessLogs",
            "region": "us-east-1"
          },
          "private": "bnVsbA==",
          "dependencies": [
            "aws_iam_role.api_logging_role",
            "data.aws_iam_policy_document.api_logging_role_assume_role_policy"
          ]
        }
      ]
    },
    {
      "mode": "managed",
      "type": "aws_cloudwatch_metric_alarm",
      "name": "authorizer_function_errors_alarm",
      "provider": "provider[\"registry.terraform.io/hashicorp/aws\"]",
      "instances": [
        {
          "schema_version": 1,
          "attributes": {
            "actions_enabled": true,
            "alarm_actions": [
              "arn:aws:sns:us-east-1:797161732844:AlarmsTopic"
            ],
            "alarm_description": "This metric monitors for errors in the Authorizer Lambda function",
            "alarm_name": "AuthorizerFunctionErrorsAlarm",
            "arn": "arn:aws:cloudwatch:us-east-1:797161732844:alarm:AuthorizerFunctionErrorsAlarm",
            "comparison_operator": "GreaterThanOrEqualToThreshold",
            "datapoints_to_alarm": 0,
            "dimensions": {
              "FunctionName": "ws-serverless-patterns_userfunctions_lambda_auth"
            },
            "evaluate_low_sample_count_percentiles": "",
            "evaluation_periods": 1,
            "extended_statistic": "",
            "id": "AuthorizerFunctionErrorsAlarm",
            "insufficient_data_actions": [],
            "metric_name": "Errors",
            "metric_query": [],
            "namespace": "AWS/Lambda",
            "ok_actions": [],
            "period": 60,
            "region": "us-east-1",
            "statistic": "Sum",
            "tags": {},
            "tags_all": {},
            "threshold": 1,
            "threshold_metric_id": "",
            "treat_missing_data": "missing",
            "unit": ""
          },
          "sensitive_attributes": [],
          "identity_schema_version": 0,
          "identity": {
            "account_id": "797161732844",
            "alarm_name": "AuthorizerFunctionErrorsAlarm",
            "region": "us-east-1"
          },
          "private": "eyJzY2hlbWFfdmVyc2lvbiI6IjEifQ==",
          "dependencies": [
            "aws_cognito_user_pool.user_pool",
            "aws_cognito_user_pool_client.user_pool_client",
            "aws_iam_role.userfunctions_lambda_auth_role",
            "aws_lambda_function.userfunctions_lambda_auth",
            "aws_sns_topic.alarms_topic",
            "data.archive_file.userfunctions_lambda_auth_zip",
            "null_resource.build_dependencies_authorizer"
          ]
        }
      ]
    },
    {
      "mode": "managed",
      "type": "aws_cloudwatch_metric_alarm",
      "name": "authorizer_function_throttling_alarm",
      "provider": "provider[\"registry.terraform.io/hashicorp/aws\"]",
      "instances": [
        {
          "schema_version": 1,
          "attributes": {
            "actions_enabled": true,
            "alarm_actions": [
              "arn:aws:sns:us-east-1:797161732844:AlarmsTopic"
            ],
            "alarm_description": "This metric monitors for throttling in the Authorizer Lambda function",
            "alarm_name": "AuthorizerFunctionThrottlingAlarm",
            "arn": "arn:aws:cloudwatch:us-east-1:797161732844:alarm:AuthorizerFunctionThrottlingAlarm",
            "comparison_operator": "GreaterThanOrEqualToThreshold",
            "datapoints_to_alarm": 0,
            "dimensions": {
              "FunctionName": "ws-serverless-patterns_userfunctions_lambda_auth"
            },
            "evaluate_low_sample_count_percentiles": "",
            "evaluation_periods": 1,
            "extended_statistic": "",
            "id": "AuthorizerFunctionThrottlingAlarm",
            "insufficient_data_actions": [],
            "metric_name": "Throttles",
            "metric_query": [],
            "namespace": "AWS/Lambda",
            "ok_actions": [],
            "period": 60,
            "region": "us-east-1",
            "statistic": "Sum",
            "tags": {},
            "tags_all": {},
            "threshold": 1,
            "threshold_metric_id": "",
            "treat_missing_data": "missing",
            "unit": ""
          },
          "sensitive_attributes": [],
          "identity_schema_version": 0,
          "identity": {
            "account_id": "797161732844",
            "alarm_name": "AuthorizerFunctionThrottlingAlarm",
            "region": "us-east-1"
          },
          "private": "eyJzY2hlbWFfdmVyc2lvbiI6IjEifQ==",
          "dependencies": [
            "aws_cognito_user_pool.user_pool",
            "aws_cognito_user_pool_client.user_pool_client",
            "aws_iam_role.userfunctions_lambda_auth_role",
            "aws_lambda_function.userfunctions_lambda_auth",
            "aws_sns_topic.alarms_topic",
            "data.archive_file.userfunctions_lambda_auth_zip",
            "null_resource.build_dependencies_authorizer"
          ]
        }
      ]
    },
    {
      "mode": "managed",
      "type": "aws_cloudwatch_metric_alarm",
      "name": "rest_api_errors_alarm",
      "provider": "provider[\"registry.terraform.io/hashicorp/aws\"]",
      "instances": [
        {
          "schema_version": 1,
          "attributes": {
            "actions_enabled": true,
            "alarm_actions": [
              "arn:aws:sns:us-east-1:797161732844:AlarmsTopic"
            ],
            "alarm_description": "This metric monitors for server-side errors in the API Gateway",
            "alarm_name": "RestAPIErrorsAlarm",
            "arn": "arn:aws:cloudwatch:us-east-1:797161732844:alarm:RestAPIErrorsAlarm",
            "comparison_operator": "GreaterThanOrEqualToThreshold",
            "datapoints_to_alarm": 0,
            "dimensions": {
              "ApiName": "8d44wyulmc"
            },
            "evaluate_low_sample_count_percentiles": "",
            "evaluation_periods": 1,
            "extended_statistic": "",
            "id": "RestAPIErrorsAlarm",
            "insufficient_data_actions": [],
            "metric_name": "5XXError",
            "metric_query": [],
            "namespace": "AWS/ApiGateway",
            "ok_actions": [],
            "period": 60,
            "region": "us-east-1",
            "statistic": "Sum",
            "tags": {},
            "tags_all": {},
            "threshold": 1,
            "threshold_metric_id": "",
            "treat_missing_data": "missing",
            "unit": ""
          },
          "sensitive_attributes": [],
          "identity_schema_version": 0,
          "identity": {
            "account_id": "797161732844",
            "alarm_name": "RestAPIErrorsAlarm",
            "region": "us-east-1"
          },
          "private": "eyJzY2hlbWFfdmVyc2lvbiI6IjEifQ==",
          "dependencies": [
            "aws_api_gateway_rest_api.rest_api",
            "aws_cognito_user_pool.user_pool",
            "aws_cognito_user_pool_client.user_pool_client",
            "aws_dynamodb_table.users_table",
            "aws_iam_role.userfunctions_lambda_auth_role",
            "aws_iam_role.userfunctions_lambda_role",
            "aws_lambda_function.userfunctions_lambda",
            "aws_lambda_function.userfunctions_lambda_auth",
            "aws_sns_topic.alarms_topic",
            "data.archive_file.userfunctions_lambda_auth_zip",
            "data.archive_file.userfunctions_lambda_zip",
            "data.aws_caller_identity.current",
            "null_resource.build_dependencies",
            "null_resource.build_dependencies_authorizer"
          ]
        }
      ]
    },
    {
      "mode": "managed",
      "type": "aws_cloudwatch_metric_alarm",
      "name": "users_function_errors_alarm",
      "provider": "provider[\"registry.terraform.io/hashicorp/aws\"]",
      "instances": [
        {
          "schema_version": 1,
          "attributes": {
            "actions_enabled": true,
            "alarm_actions": [
              "arn:aws:sns:us-east-1:797161732844:AlarmsTopic"
            ],
            "alarm_description": "This metric monitors for errors in the Users Lambda function",
            "alarm_name": "UsersFunctionErrorsAlarm",
            "arn": "arn:aws:cloudwatch:us-east-1:797161732844:alarm:UsersFunctionErrorsAlarm",
            "comparison_operator": "GreaterThanOrEqualToThreshold",
            "datapoints_to_alarm": 0,
            "dimensions": {
              "FunctionName": "ws-serverless-patterns_userfunctions_lambda"
            },
            "evaluate_low_sample_count_percentiles": "",
            "evaluation_periods": 1,
            "extended_statistic": "",
            "id": "UsersFunctionErrorsAlarm",
            "insufficient_data_actions": [],
            "metric_name": "Errors",
            "metric_query": [],
            "namespace": "AWS/Lambda",
            "ok_actions": [],
            "period": 60,
            "region": "us-east-1",
            "statistic": "Sum",
            "tags": {},
            "tags_all": {},
            "threshold": 1,
            "threshold_metric_id": "",
            "treat_missing_data": "missing",
            "unit": ""
          },
          "sensitive_attributes": [],
          "identity_schema_version": 0,
          "identity": {
            "account_id": "797161732844",
            "alarm_name": "UsersFunctionErrorsAlarm",
            "region": "us-east-1"
          },
          "private": "eyJzY2hlbWFfdmVyc2lvbiI6IjEifQ==",
          "dependencies": [
            "aws_dynamodb_table.users_table",
            "aws_iam_role.userfunctions_lambda_role",
            "aws_lambda_function.userfunctions_lambda",
            "aws_sns_topic.alarms_topic",
            "data.archive_file.userfunctions_lambda_zip",
            "null_resource.build_dependencies"
          ]
        }
      ]
    },
    {
      "mode": "managed",
      "type": "aws_cloudwatch_metric_alarm",
      "name": "users_function_throttling_alarm",
      "provider": "provider[\"registry.terraform.io/hashicorp/aws\"]",
      "instances": [
        {
          "schema_version": 1,
          "attributes": {
            "actions_enabled": true,
            "alarm_actions": [
              "arn:aws:sns:us-east-1:797161732844:AlarmsTopic"
            ],
            "alarm_description": "This metric monitors for throttling in the Users Lambda function",
            "alarm_name": "UsersFunctionThrottlingAlarm",
            "arn": "arn:aws:cloudwatch:us-east-1:797161732844:alarm:UsersFunctionThrottlingAlarm",
            "comparison_operator": "GreaterThanOrEqualToThreshold",
            "datapoints_to_alarm": 0,
            "dimensions": {
              "FunctionName": "ws-serverless-patterns_userfunctions_lambda"
            },
            "evaluate_low_sample_count_percentiles": "",
            "evaluation_periods": 1,
            "extended_statistic": "",
            "id": "UsersFunctionThrottlingAlarm",
            "insufficient_data_actions": [],
            "metric_name": "Throttles",
            "metric_query": [],
            "namespace": "AWS/Lambda",
            "ok_actions": [],
            "period": 60,
            "region": "us-east-1",
            "statistic": "Sum",
            "tags": {},
            "tags_all": {},
            "threshold": 1,
            "threshold_metric_id": "",
            "treat_missing_data": "missing",
            "unit": ""
          },
          "sensitive_attributes": [],
          "identity_schema_version": 0,
          "identity": {
            "account_id": "797161732844",
            "alarm_name": "UsersFunctionThrottlingAlarm",
            "region": "us-east-1"
          },
          "private": "eyJzY2hlbWFfdmVyc2lvbiI6IjEifQ==",
          "dependencies": [
            "aws_dynamodb_table.users_table",
            "aws_iam_role.userfunctions_lambda_role",
            "aws_lambda_function.userfunctions_lambda",
            "aws_sns_topic.alarms_topic",
            "data.archive_file.userfunctions_lambda_zip",
            "null_resource.build_dependencies"
          ]
        }
      ]
    },
    {
      "mode": "managed",
      "type": "aws_cognito_user_group",
      "name": "api_administrator_user_pool_group",
      "provider": "provider[\"registry.terraform.io/hashicorp/aws\"]",
      "instances": [
        {
          "schema_version": 0,
          "attributes": {
            "description": "User group for API Administrators",
            "id": "us-east-1_ONQpB7HtT/apiAdmins",
            "name": "apiAdmins",
            "precedence": 0,
            "region": "us-east-1",
            "role_arn": "",
            "user_pool_id": "us-east-1_ONQpB7HtT"
          },
          "sensitive_attributes": [],
          "identity_schema_version": 0,
          "private": "bnVsbA==",
          "dependencies": [
            "aws_cognito_user_pool.user_pool"
          ]
        }
      ]
    },
    {
      "mode": "managed",
      "type": "aws_cognito_user_pool",
      "name": "user_pool",
      "provider": "provider[\"registry.terraform.io/hashicorp/aws\"]",
      "instances": [
        {
          "schema_version": 0,
          "attributes": {
            "account_recovery_setting": [
              {
                "recovery_mechanism": [
                  {
                    "name": "verified_email",
                    "priority": 1
                  },
                  {
                    "name": "verified_phone_number",
                    "priority": 2
                  }
                ]
              }
            ],
            "admin_create_user_config": [
              {
                "allow_admin_create_user_only": false,
                "invite_message_template": []
              }
            ],
            "alias_attributes": null,
            "arn": "arn:aws:cognito-idp:us-east-1:797161732844:userpool/us-east-1_ONQpB7HtT",
            "auto_verified_attributes": [
              "email"
            ],
            "creation_date": "2025-08-29T22:18:15Z",
            "custom_domain": "",
            "deletion_protection": "INACTIVE",
            "device_configuration": [],
            "domain": "50kfqmguh854mesq9pt78rnov8",
            "email_configuration": [
              {
                "configuration_set": "",
                "email_sending_account": "COGNITO_DEFAULT",
                "from_email_address": "",
                "reply_to_email_address": "",
                "source_arn": ""
              }
            ],
            "email_mfa_configuration": [],
            "email_verification_message": "",
            "email_verification_subject": "",
            "endpoint": "cognito-idp.us-east-1.amazonaws.com/us-east-1_ONQpB7HtT",
            "estimated_number_of_users": 3,
            "id": "us-east-1_ONQpB7HtT",
            "lambda_config": [],
            "last_modified_date": "2025-08-29T22:18:15Z",
            "mfa_configuration": "OFF",
            "name": "ws-serverless-patterns_UserPool",
            "password_policy": [
              {
                "minimum_length": 8,
                "password_history_size": 0,
                "require_lowercase": true,
                "require_numbers": true,
                "require_symbols": true,
                "require_uppercase": true,
                "temporary_password_validity_days": 7
              }
            ],
            "region": "us-east-1",
            "schema": [
              {
                "attribute_data_type": "String",
                "developer_only_attribute": false,
                "mutable": true,
                "name": "email",
                "number_attribute_constraints": [],
                "required": true,
                "string_attribute_constraints": []
              },
              {
                "attribute_data_type": "String",
                "developer_only_attribute": false,
                "mutable": true,
                "name": "name",
                "number_attribute_constraints": [],
                "required": true,
                "string_attribute_constraints": []
              }
            ],
            "sign_in_policy": [
              {
                "allowed_first_auth_factors": [
                  "PASSWORD"
                ]
              }
            ],
            "sms_authentication_message": "",
            "sms_configuration": [],
            "sms_verification_message": "",
            "software_token_mfa_configuration": [],
            "tags": {
              "Name": "User Pool"
            },
            "tags_all": {
              "Name": "User Pool"
            },
            "user_attribute_update_settings": [],
            "user_pool_add_ons": [],
            "user_pool_tier": "ESSENTIALS",
            "username_attributes": [
              "email"
            ],
            "username_configuration": [],
            "verification_message_template": [
              {
                "default_email_option": "CONFIRM_WITH_CODE",
                "email_message": "",
                "email_message_by_link": "",
                "email_subject": "",
                "email_subject_by_link": "",
                "sms_message": ""
              }
            ],
            "web_authn_configuration": []
          },
          "sensitive_attributes": [],
          "identity_schema_version": 0,
          "private": "bnVsbA==",
          "create_before_destroy": true
        }
      ]
    },
    {
      "mode": "managed",
      "type": "aws_cognito_user_pool_client",
      "name": "user_pool_client",
      "provider": "provider[\"registry.terraform.io/hashicorp/aws\"]",
      "instances": [
        {
          "schema_version": 0,
          "attributes": {
            "access_token_validity": 0,
            "allowed_oauth_flows": [
              "code"
            ],
            "allowed_oauth_flows_user_pool_client": true,
            "allowed_oauth_scopes": [
              "email",
              "openid"
            ],
            "analytics_configuration": [],
            "auth_session_validity": 3,
            "callback_urls": [
              "http://localhost"
            ],
            "client_secret": "",
            "default_redirect_uri": "",
            "enable_propagate_additional_user_context_data": false,
            "enable_token_revocation": true,
            "explicit_auth_flows": [
              "ALLOW_REFRESH_TOKEN_AUTH",
              "ALLOW_USER_PASSWORD_AUTH",
              "ALLOW_USER_SRP_AUTH"
            ],
            "generate_secret": false,
            "id": "50kfqmguh854mesq9pt78rnov8",
            "id_token_validity": 0,
            "logout_urls": [],
            "name": "ws-serverless-patterns_UserPoolClient",
            "prevent_user_existence_errors": "ENABLED",
            "read_attributes": [],
            "refresh_token_rotation": [],
            "refresh_token_validity": 30,
            "region": "us-east-1",
            "supported_identity_providers": [
              "COGNITO"
            ],
            "token_validity_units": [],
            "user_pool_id": "us-east-1_ONQpB7HtT",
            "write_attributes": []
          },
          "sensitive_attributes": [
            [
              {
                "type": "get_attr",
                "value": "client_secret"
              }
            ]
          ],
          "identity_schema_version": 0,
          "dependencies": [
            "aws_cognito_user_pool.user_pool"
          ],
          "create_before_destroy": true
        }
      ]
    },
    {
      "mode": "managed",
      "type": "aws_cognito_user_pool_domain",
      "name": "user_pool_domain",
      "provider": "provider[\"registry.terraform.io/hashicorp/aws\"]",
      "instances": [
        {
          "schema_version": 0,
          "attributes": {
            "aws_account_id": "797161732844",
            "certificate_arn": "",
            "cloudfront_distribution": "d3oia8etllorh5.cloudfront.net",
            "cloudfront_distribution_arn": "d3oia8etllorh5.cloudfront.net",
            "cloudfront_distribution_zone_id": "Z2FDTNDATAQYW2",
            "domain": "50kfqmguh854mesq9pt78rnov8",
            "id": "50kfqmguh854mesq9pt78rnov8",
            "managed_login_version": 1,
            "region": "us-east-1",
            "s3_bucket": "aws-cognito-prod-iad-assets",
            "user_pool_id": "us-east-1_ONQpB7HtT",
            "version": "20250829221817"
          },
          "sensitive_attributes": [],
          "identity_schema_version": 0,
          "private": "bnVsbA==",
          "dependencies": [
            "aws_cognito_user_pool.user_pool",
            "aws_cognito_user_pool_client.user_pool_client"
          ]
        }
      ]
    },
    {
      "mode": "managed",
      "type": "aws_dynamodb_table",
      "name": "users_table",
      "provider": "provider[\"registry.terraform.io/hashicorp/aws\"]",
      "instances": [
        {
          "schema_version": 1,
          "attributes": {
            "arn": "arn:aws:dynamodb:us-east-1:797161732844:table/ws-serverless-patterns_Users",
            "attribute": [
              {
                "name": "userid",
                "type": "S"
              }
            ],
            "billing_mode": "PAY_PER_REQUEST",
            "deletion_protection_enabled": false,
            "global_secondary_index": [],
            "hash_key": "userid",
            "id": "ws-serverless-patterns_Users",
            "import_table": [],
            "local_secondary_index": [],
            "name": "ws-serverless-patterns_Users",
            "on_demand_throughput": [],
            "point_in_time_recovery": [
              {
                "enabled": false,
                "recovery_period_in_days": 0
              }
            ],
            "range_key": null,
            "read_capacity": 0,
            "region": "us-east-1",
            "replica": [],
            "restore_date_time": null,
            "restore_source_name": null,
            "restore_source_table_arn": null,
            "restore_to_latest_time": null,
            "server_side_encryption": [],
            "stream_arn": "",
            "stream_enabled": false,
            "stream_label": "",
            "stream_view_type": "",
            "table_class": "STANDARD",
            "tags": {},
            "tags_all": {},
            "timeouts": null,
            "ttl": [
              {
                "attribute_name": "",
                "enabled": false
              }
            ],
            "write_capacity": 0
          },
          "sensitive_attributes": [],
          "identity_schema_version": 0,
          "private": "eyJlMmJmYjczMC1lY2FhLTExZTYtOGY4OC0zNDM2M2JjN2M0YzAiOnsiY3JlYXRlIjoxODAwMDAwMDAwMDAwLCJkZWxldGUiOjYwMDAwMDAwMDAwMCwidXBkYXRlIjozNjAwMDAwMDAwMDAwfSwic2NoZW1hX3ZlcnNpb24iOiIxIn0=",
          "create_before_destroy": true
        }
      ]
    },
    {
      "mode": "managed",
      "type": "aws_iam_policy",
      "name": "userfunctions_lambda_auth_role_policy",
      "provider": "provider[\"registry.terraform.io/hashicorp/aws\"]",
      "instances": [
        {
          "schema_version": 0,
          "attributes": {
            "arn": "arn:aws:iam::797161732844:policy/userfunctions_lambda_auth_role_policy",
            "attachment_count": 1,
            "description": "Lambda function authorizer policy",
            "id": "arn:aws:iam::797161732844:policy/userfunctions_lambda_auth_role_policy",
            "name": "userfunctions_lambda_auth_role_policy",
            "name_prefix": "",
            "path": "/",
            "policy": "{\"Statement\":[{\"Action\":[\"logs:*\"],\"Effect\":\"Allow\",\"Resource\":\"*\"},{\"Action\":[\"xray:*\"],\"Effect\":\"Allow\",\"Resource\":\"*\"}],\"Version\":\"2012-10-17\"}",
            "policy_id": "ANPA3TGUKXLWIJ6G4XMD6",
            "tags": {},
            "tags_all": {}
          },
          "sensitive_attributes": [],
          "identity_schema_version": 0,
          "identity": {
            "arn": "arn:aws:iam::797161732844:policy/userfunctions_lambda_auth_role_policy"
          },
          "private": "bnVsbA=="
        }
      ]
    },
    {
      "mode": "managed",
      "type": "aws_iam_policy",
      "name": "userfunctions_lambda_role_policy",
      "provider": "provider[\"registry.terraform.io/hashicorp/aws\"]",
      "instances": [
        {
          "schema_version": 0,
          "attributes": {
            "arn": "arn:aws:iam::797161732844:policy/ws-serverless-patterns_userfunctions_lambda_role_policy",
            "attachment_count": 1,
            "description": "Lambda function policy",
            "id": "arn:aws:iam::797161732844:policy/ws-serverless-patterns_userfunctions_lambda_role_policy",
            "name": "ws-serverless-patterns_userfunctions_lambda_role_policy",
            "name_prefix": "",
            "path": "/",
            "policy": "{\"Statement\":[{\"Action\":[\"dynamodb:GetItem\",\"dynamodb:DeleteItem\",\"dynamodb:PutItem\",\"dynamodb:Scan\",\"dynamodb:Query\",\"dynamodb:UpdateItem\",\"dynamodb:BatchWriteItem\",\"dynamodb:BatchGetItem\",\"dynamodb:DescribeTable\",\"dynamodb:ConditionCheckItem\"],\"Effect\":\"Allow\",\"Resource\":\"arn:*:dynamodb:us-east-1:797161732844:table/ws-serverless-patterns_Users\"},{\"Action\":[\"logs:*\"],\"Effect\":\"Allow\",\"Resource\":\"*\"},{\"Action\":[\"xray:*\"],\"Effect\":\"Allow\",\"Resource\":\"*\"}],\"Version\":\"2012-10-17\"}",
            "policy_id": "ANPA3TGUKXLWGCU4HRGFA",
            "tags": {},
            "tags_all": {}
          },
          "sensitive_attributes": [],
          "identity_schema_version": 0,
          "identity": {
            "arn": "arn:aws:iam::797161732844:policy/ws-serverless-patterns_userfunctions_lambda_role_policy"
          },
          "private": "bnVsbA==",
          "dependencies": [
            "aws_dynamodb_table.users_table",
            "data.aws_caller_identity.current"
          ]
        }
      ]
    },
    {
      "mode": "managed",
      "type": "aws_iam_policy_attachment",
      "name": "userfunctions_lambda_attach",
      "provider": "provider[\"registry.terraform.io/hashicorp/aws\"]",
      "instances": [
        {
          "schema_version": 0,
          "attributes": {
            "groups": [],
            "id": "ws-serverless-patterns_userfunctions_lambda_attachment",
            "name": "ws-serverless-patterns_userfunctions_lambda_attachment",
            "policy_arn": "arn:aws:iam::797161732844:policy/ws-serverless-patterns_userfunctions_lambda_role_policy",
            "roles": [
              "ws-serverless-patterns_userfunctions_lambda_role"
            ],
            "users": []
          },
          "sensitive_attributes": [],
          "identity_schema_version": 0,
          "private": "bnVsbA==",
          "dependencies": [
            "aws_dynamodb_table.users_table",
            "aws_iam_policy.userfunctions_lambda_role_policy",
            "aws_iam_role.userfunctions_lambda_role",
            "data.aws_caller_identity.current"
          ]
        }
      ]
    },
    {
      "mode": "managed",
      "type": "aws_iam_policy_attachment",
      "name": "userfunctions_lambda_auth_attach",
      "provider": "provider[\"registry.terraform.io/hashicorp/aws\"]",
      "instances": [
        {
          "schema_version": 0,
          "attributes": {
            "groups": [],
            "id": "userfunctions_lambda_auth_attachment",
            "name": "userfunctions_lambda_auth_attachment",
            "policy_arn": "arn:aws:iam::797161732844:policy/userfunctions_lambda_auth_role_policy",
            "roles": [
              "ws-serverless-patterns_userfunctions_lambda_auth_role"
            ],
            "users": []
          },
          "sensitive_attributes": [],
          "identity_schema_version": 0,
          "private": "bnVsbA==",
          "dependencies": [
            "aws_iam_policy.userfunctions_lambda_auth_role_policy",
            "aws_iam_role.userfunctions_lambda_auth_role"
          ]
        }
      ]
    },
    {
      "mode": "managed",
      "type": "aws_iam_role",
      "name": "api_logging_role",
      "provider": "provider[\"registry.terraform.io/hashicorp/aws\"]",
      "instances": [
        {
          "schema_version": 0,
          "attributes": {
            "arn": "arn:aws:iam::797161732844:role/ApiLoggingRole",
            "assume_role_policy": "{\"Statement\":[{\"Action\":\"sts:AssumeRole\",\"Effect\":\"Allow\",\"Principal\":{\"Service\":\"apigateway.amazonaws.com\"}}],\"Version\":\"2012-10-17\"}",
            "create_date": "2025-08-30T21:28:31Z",
            "description": "",
            "force_detach_policies": false,
            "id": "ApiLoggingRole",
            "inline_policy": [],
            "managed_policy_arns": [
              "arn:aws:iam::aws:policy/service-role/AmazonAPIGatewayPushToCloudWatchLogs"
            ],
            "max_session_duration": 3600,
            "name": "ApiLoggingRole",
            "name_prefix": "",
            "path": "/",
            "permissions_boundary": "",
            "tags": {},
            "tags_all": {},
            "unique_id": "AROA3TGUKXLWNVWIH2Y54"
          },
          "sensitive_attributes": [],
          "identity_schema_version": 0,
          "identity": {
            "account_id": "797161732844",
            "name": "ApiLoggingRole"
          },
          "private": "bnVsbA==",
          "dependencies": [
            "data.aws_iam_policy_document.api_logging_role_assume_role_policy"
          ]
        }
      ]
    },
    {
      "mode": "managed",
      "type": "aws_iam_role",
      "name": "userfunctions_lambda_auth_role",
      "provider": "provider[\"registry.terraform.io/hashicorp/aws\"]",
      "instances": [
        {
          "schema_version": 0,
          "attributes": {
            "arn": "arn:aws:iam::797161732844:role/ws-serverless-patterns_userfunctions_lambda_auth_role",
            "assume_role_policy": "{\"Statement\":[{\"Action\":\"sts:AssumeRole\",\"Effect\":\"Allow\",\"Principal\":{\"Service\":\"lambda.amazonaws.com\"},\"Sid\":\"\"}],\"Version\":\"2012-10-17\"}",
            "create_date": "2025-08-30T09:24:57Z",
            "description": "Lambda function authorizer IAM role",
            "force_detach_policies": false,
            "id": "ws-serverless-patterns_userfunctions_lambda_auth_role",
            "inline_policy": [],
            "managed_policy_arns": [
              "arn:aws:iam::797161732844:policy/userfunctions_lambda_auth_role_policy"
            ],
            "max_session_duration": 3600,
            "name": "ws-serverless-patterns_userfunctions_lambda_auth_role",
            "name_prefix": "",
            "path": "/",
            "permissions_boundary": "",
            "tags": {},
            "tags_all": {},
            "unique_id": "AROA3TGUKXLWOFGJ4DBOR"
          },
          "sensitive_attributes": [],
          "identity_schema_version": 0,
          "identity": {
            "account_id": "797161732844",
            "name": "ws-serverless-patterns_userfunctions_lambda_auth_role"
          },
          "private": "bnVsbA==",
          "create_before_destroy": true
        }
      ]
    },
    {
      "mode": "managed",
      "type": "aws_iam_role",
      "name": "userfunctions_lambda_role",
      "provider": "provider[\"registry.terraform.io/hashicorp/aws\"]",
      "instances": [
        {
          "schema_version": 0,
          "attributes": {
            "arn": "arn:aws:iam::797161732844:role/ws-serverless-patterns_userfunctions_lambda_role",
            "assume_role_policy": "{\"Statement\":[{\"Action\":\"sts:AssumeRole\",\"Effect\":\"Allow\",\"Principal\":{\"Service\":\"lambda.amazonaws.com\"}}],\"Version\":\"2012-10-17\"}",
            "create_date": "2025-08-29T21:22:54Z",
            "description": "Lambda function IAM role",
            "force_detach_policies": false,
            "id": "ws-serverless-patterns_userfunctions_lambda_role",
            "inline_policy": [],
            "managed_policy_arns": [
              "arn:aws:iam::797161732844:policy/ws-serverless-patterns_userfunctions_lambda_role_policy"
            ],
            "max_session_duration": 3600,
            "name": "ws-serverless-patterns_userfunctions_lambda_role",
            "name_prefix": "",
            "path": "/",
            "permissions_boundary": "",
            "tags": {},
            "tags_all": {},
            "unique_id": "AROA3TGUKXLWLSDNHRS4J"
          },
          "sensitive_attributes": [],
          "identity_schema_version": 0,
          "identity": {
            "account_id": "797161732844",
            "name": "ws-serverless-patterns_userfunctions_lambda_role"
          },
          "private": "bnVsbA==",
          "create_before_destroy": true
        }
      ]
    },
    {
      "mode": "managed",
      "type": "aws_lambda_function",
      "name": "userfunctions_lambda",
      "provider": "provider[\"registry.terraform.io/hashicorp/aws\"]",
      "instances": [
        {
          "schema_version": 0,
          "attributes": {
            "architectures": [
              "x86_64"
            ],
            "arn": "arn:aws:lambda:us-east-1:797161732844:function:ws-serverless-patterns_userfunctions_lambda",
            "code_sha256": "EAmv3eHnDVVSGJTCIgq9MuBNFHX9Xqcsyloyid9hy0I=",
            "code_signing_config_arn": "",
            "dead_letter_config": [],
            "description": "Handler for all users related operations",
            "environment": [
              {
                "variables": {
                  "USERS_TABLE": "ws-serverless-patterns_Users"
                }
              }
            ],
            "ephemeral_storage": [
              {
                "size": 512
              }
            ],
            "file_system_config": [],
            "filename": "/tmp/userfunctions_lambda.zip",
            "function_name": "ws-serverless-patterns_userfunctions_lambda",
            "handler": "lambda_function.lambda_handler",
            "id": "ws-serverless-patterns_userfunctions_lambda",
            "image_config": [],
            "image_uri": "",
            "invoke_arn": "arn:aws:apigateway:us-east-1:lambda:path/2015-03-31/functions/arn:aws:lambda:us-east-1:797161732844:function:ws-serverless-patterns_userfunctions_lambda/invocations",
            "kms_key_arn": "",
            "last_modified": "2025-08-30T21:28:40.000+0000",
            "layers": [],
            "logging_config": [
              {
                "application_log_level": "",
                "log_format": "Text",
                "log_group": "/aws/lambda/ws-serverless-patterns_userfunctions_lambda",
                "system_log_level": ""
              }
            ],
            "memory_size": 128,
            "package_type": "Zip",
            "publish": false,
            "qualified_arn": "arn:aws:lambda:us-east-1:797161732844:function:ws-serverless-patterns_userfunctions_lambda:$LATEST",
            "qualified_invoke_arn": "arn:aws:apigateway:us-east-1:lambda:path/2015-03-31/functions/arn:aws:lambda:us-east-1:797161732844:function:ws-serverless-patterns_userfunctions_lambda:$LATEST/invocations",
            "region": "us-east-1",
            "replace_security_groups_on_destroy": null,
            "replacement_security_group_ids": null,
            "reserved_concurrent_executions": -1,
            "role": "arn:aws:iam::797161732844:role/ws-serverless-patterns_userfunctions_lambda_role",
            "runtime": "python3.10",
            "s3_bucket": null,
            "s3_key": null,
            "s3_object_version": null,
            "signing_job_arn": "",
            "signing_profile_version_arn": "",
            "skip_destroy": false,
            "snap_start": [],
            "source_code_hash": "EAmv3eHnDVVSGJTCIgq9MuBNFHX9Xqcsyloyid9hy0I=",
            "source_code_size": 20140432,
            "tags": {},
            "tags_all": {},
            "timeout": 100,
            "timeouts": null,
            "tracing_config": [
              {
                "mode": "Active"
              }
            ],
            "version": "$LATEST",
            "vpc_config": []
          },
          "sensitive_attributes": [],
          "identity_schema_version": 0,
          "identity": {
            "account_id": "797161732844",
            "function_name": "ws-serverless-patterns_userfunctions_lambda",
            "region": "us-east-1"
          },
          "private": "eyJlMmJmYjczMC1lY2FhLTExZTYtOGY4OC0zNDM2M2JjN2M0YzAiOnsiY3JlYXRlIjo2MDAwMDAwMDAwMDAsImRlbGV0ZSI6NjAwMDAwMDAwMDAwLCJ1cGRhdGUiOjYwMDAwMDAwMDAwMH19",
          "dependencies": [
            "aws_dynamodb_table.users_table",
            "aws_iam_role.userfunctions_lambda_role",
            "data.archive_file.userfunctions_lambda_zip",
            "null_resource.build_dependencies"
          ],
          "create_before_destroy": true
        }
      ]
    },
    {
      "mode": "managed",
      "type": "aws_lambda_function",
      "name": "userfunctions_lambda_auth",
      "provider": "provider[\"registry.terraform.io/hashicorp/aws\"]",
      "instances": [
        {
          "schema_version": 0,
          "attributes": {
            "architectures": [
              "x86_64"
            ],
            "arn": "arn:aws:lambda:us-east-1:797161732844:function:ws-serverless-patterns_userfunctions_lambda_auth",
            "code_sha256": "6vbc1VUYzEFMAtHggW/NfC2lHDF0keQbwW+Y947Z2Yo=",
            "code_signing_config_arn": "",
            "dead_letter_config": [],
            "description": "Handler for Lambda authorizer",
            "environment": [
              {
                "variables": {
                  "ADMIN_GROUP_NAME": "apiAdmins",
                  "APPLICATION_CLIENT_ID": "50kfqmguh854mesq9pt78rnov8",
                  "USER_POOL_ID": "us-east-1_ONQpB7HtT"
                }
              }
            ],
            "ephemeral_storage": [
              {
                "size": 512
              }
            ],
            "file_system_config": [],
            "filename": "/tmp/userfunctions_lambda_auth.zip",
            "function_name": "ws-serverless-patterns_userfunctions_lambda_auth",
            "handler": "lambda_function.lambda_handler",
            "id": "ws-serverless-patterns_userfunctions_lambda_auth",
            "image_config": [],
            "image_uri": "",
            "invoke_arn": "arn:aws:apigateway:us-east-1:lambda:path/2015-03-31/functions/arn:aws:lambda:us-east-1:797161732844:function:ws-serverless-patterns_userfunctions_lambda_auth/invocations",
            "kms_key_arn": "",
            "last_modified": "2025-08-30T09:28:24.584+0000",
            "layers": [],
            "logging_config": [
              {
                "application_log_level": "",
                "log_format": "Text",
                "log_group": "/aws/lambda/ws-serverless-patterns_userfunctions_lambda_auth",
                "system_log_level": ""
              }
            ],
            "memory_size": 128,
            "package_type": "Zip",
            "publish": false,
            "qualified_arn": "arn:aws:lambda:us-east-1:797161732844:function:ws-serverless-patterns_userfunctions_lambda_auth:$LATEST",
            "qualified_invoke_arn": "arn:aws:apigateway:us-east-1:lambda:path/2015-03-31/functions/arn:aws:lambda:us-east-1:797161732844:function:ws-serverless-patterns_userfunctions_lambda_auth:$LATEST/invocations",
            "region": "us-east-1",
            "replace_security_groups_on_destroy": null,
            "replacement_security_group_ids": null,
            "reserved_concurrent_executions": -1,
            "role": "arn:aws:iam::797161732844:role/ws-serverless-patterns_userfunctions_lambda_auth_role",
            "runtime": "python3.10",
            "s3_bucket": null,
            "s3_key": null,
            "s3_object_version": null,
            "signing_job_arn": "",
            "signing_profile_version_arn": "",
            "skip_destroy": false,
            "snap_start": [],
            "source_code_hash": "6vbc1VUYzEFMAtHggW/NfC2lHDF0keQbwW+Y947Z2Yo=",
            "source_code_size": 20084601,
            "tags": {},
            "tags_all": {},
            "timeout": 100,
            "timeouts": null,
            "tracing_config": [
              {
                "mode": "PassThrough"
              }
            ],
            "version": "$LATEST",
            "vpc_config": []
          },
          "sensitive_attributes": [],
          "identity_schema_version": 0,
          "identity": {
            "account_id": "797161732844",
            "function_name": "ws-serverless-patterns_userfunctions_lambda_auth",
            "region": "us-east-1"
          },
          "private": "eyJlMmJmYjczMC1lY2FhLTExZTYtOGY4OC0zNDM2M2JjN2M0YzAiOnsiY3JlYXRlIjo2MDAwMDAwMDAwMDAsImRlbGV0ZSI6NjAwMDAwMDAwMDAwLCJ1cGRhdGUiOjYwMDAwMDAwMDAwMH19",
          "dependencies": [
            "aws_cognito_user_pool.user_pool",
            "aws_cognito_user_pool_client.user_pool_client",
            "aws_iam_role.userfunctions_lambda_auth_role",
            "data.archive_file.userfunctions_lambda_auth_zip",
            "null_resource.build_dependencies_authorizer"
          ],
          "create_before_destroy": true
        }
      ]
    },
    {
      "mode": "managed",
      "type": "aws_lambda_permission",
      "name": "allow_apigateway",
      "provider": "provider[\"registry.terraform.io/hashicorp/aws\"]",
      "instances": [
        {
          "schema_version": 0,
          "attributes": {
            "action": "lambda:InvokeFunction",
            "event_source_token": null,
            "function_name": "ws-serverless-patterns_userfunctions_lambda",
            "function_url_auth_type": null,
            "id": "AllowExecutionFromAPIGateway",
            "principal": "apigateway.amazonaws.com",
            "principal_org_id": null,
            "qualifier": "",
            "region": "us-east-1",
            "source_account": null,
            "source_arn": "arn:aws:execute-api:us-east-1:797161732844:8d44wyulmc/*/*/*",
            "statement_id": "AllowExecutionFromAPIGateway",
            "statement_id_prefix": ""
          },
          "sensitive_attributes": [],
          "identity_schema_version": 0,
          "identity": {
            "account_id": "797161732844",
            "function_name": "ws-serverless-patterns_userfunctions_lambda",
            "qualifier": null,
            "region": "us-east-1",
            "statement_id": "AllowExecutionFromAPIGateway"
          },
          "private": "bnVsbA==",
          "dependencies": [
            "aws_api_gateway_rest_api.rest_api",
            "aws_cognito_user_pool.user_pool",
            "aws_cognito_user_pool_client.user_pool_client",
            "aws_dynamodb_table.users_table",
            "aws_iam_role.userfunctions_lambda_auth_role",
            "aws_iam_role.userfunctions_lambda_role",
            "aws_lambda_function.userfunctions_lambda",
            "aws_lambda_function.userfunctions_lambda_auth",
            "data.archive_file.userfunctions_lambda_auth_zip",
            "data.archive_file.userfunctions_lambda_zip",
            "data.aws_caller_identity.current",
            "null_resource.build_dependencies",
            "null_resource.build_dependencies_authorizer"
          ]
        }
      ]
    },
    {
      "mode": "managed",
      "type": "aws_lambda_permission",
      "name": "allow_apigateway_lambda_auth",
      "provider": "provider[\"registry.terraform.io/hashicorp/aws\"]",
      "instances": [
        {
          "schema_version": 0,
          "attributes": {
            "action": "lambda:InvokeFunction",
            "event_source_token": null,
            "function_name": "ws-serverless-patterns_userfunctions_lambda_auth",
            "function_url_auth_type": null,
            "id": "AllowExecutionFromAPIGateway",
            "principal": "apigateway.amazonaws.com",
            "principal_org_id": null,
            "qualifier": "",
            "region": "us-east-1",
            "source_account": null,
            "source_arn": "arn:aws:execute-api:us-east-1:797161732844:8d44wyulmc/authorizers/*",
            "statement_id": "AllowExecutionFromAPIGateway",
            "statement_id_prefix": ""
          },
          "sensitive_attributes": [],
          "identity_schema_version": 0,
          "identity": {
            "account_id": "797161732844",
            "function_name": "ws-serverless-patterns_userfunctions_lambda_auth",
            "qualifier": null,
            "region": "us-east-1",
            "statement_id": "AllowExecutionFromAPIGateway"
          },
          "private": "bnVsbA==",
          "dependencies": [
            "aws_api_gateway_rest_api.rest_api",
            "aws_cognito_user_pool.user_pool",
            "aws_cognito_user_pool_client.user_pool_client",
            "aws_dynamodb_table.users_table",
            "aws_iam_role.userfunctions_lambda_auth_role",
            "aws_iam_role.userfunctions_lambda_role",
            "aws_lambda_function.userfunctions_lambda",
            "aws_lambda_function.userfunctions_lambda_auth",
            "data.archive_file.userfunctions_lambda_auth_zip",
            "data.archive_file.userfunctions_lambda_zip",
            "data.aws_caller_identity.current",
            "null_resource.build_dependencies",
            "null_resource.build_dependencies_authorizer"
          ]
        }
      ]
    },
    {
      "mode": "managed",
      "type": "aws_sns_topic",
      "name": "alarms_topic",
      "provider": "provider[\"registry.terraform.io/hashicorp/aws\"]",
      "instances": [
        {
          "schema_version": 0,
          "attributes": {
            "application_failure_feedback_role_arn": "",
            "application_success_feedback_role_arn": "",
            "application_success_feedback_sample_rate": 0,
            "archive_policy": "",
            "arn": "arn:aws:sns:us-east-1:797161732844:AlarmsTopic",
            "beginning_archive_time": "",
            "content_based_deduplication": false,
            "delivery_policy": "",
            "display_name": "",
            "fifo_throughput_scope": "",
            "fifo_topic": false,
            "firehose_failure_feedback_role_arn": "",
            "firehose_success_feedback_role_arn": "",
            "firehose_success_feedback_sample_rate": 0,
            "http_failure_feedback_role_arn": "",
            "http_success_feedback_role_arn": "",
            "http_success_feedback_sample_rate": 0,
            "id": "arn:aws:sns:us-east-1:797161732844:AlarmsTopic",
            "kms_master_key_id": "",
            "lambda_failure_feedback_role_arn": "",
            "lambda_success_feedback_role_arn": "",
            "lambda_success_feedback_sample_rate": 0,
            "name": "AlarmsTopic",
            "name_prefix": "",
            "owner": "797161732844",
            "policy": "{\"Id\":\"__default_policy_ID\",\"Statement\":[{\"Action\":[\"SNS:GetTopicAttributes\",\"SNS:SetTopicAttributes\",\"SNS:AddPermission\",\"SNS:RemovePermission\",\"SNS:DeleteTopic\",\"SNS:Subscribe\",\"SNS:ListSubscriptionsByTopic\",\"SNS:Publish\"],\"Condition\":{\"StringEquals\":{\"AWS:SourceOwner\":\"797161732844\"}},\"Effect\":\"Allow\",\"Principal\":{\"AWS\":\"*\"},\"Resource\":\"arn:aws:sns:us-east-1:797161732844:AlarmsTopic\",\"Sid\":\"__default_statement_ID\"}],\"Version\":\"2008-10-17\"}",
            "region": "us-east-1",
            "signature_version": 0,
            "sqs_failure_feedback_role_arn": "",
            "sqs_success_feedback_role_arn": "",
            "sqs_success_feedback_sample_rate": 0,
            "tags": {},
            "tags_all": {},
            "tracing_config": ""
          },
          "sensitive_attributes": [],
          "identity_schema_version": 0,
          "identity": {
            "arn": "arn:aws:sns:us-east-1:797161732844:AlarmsTopic"
          },
          "private": "bnVsbA=="
        }
      ]
    },
    {
      "mode": "managed",
      "type": "null_resource",
      "name": "build_dependencies",
      "provider": "provider[\"registry.terraform.io/hashicorp/null\"]",
      "instances": [
        {
          "schema_version": 0,
          "attributes": {
            "id": "6840879925344677320",
            "triggers": {
              "dependencies": "77160b6f09f2f08df0f6ddf55f9e2fd6",
              "source": "aa8a9983492b081b11a57ccf4b90aa9c"
            }
          },
          "sensitive_attributes": [],
          "identity_schema_version": 0,
          "create_before_destroy": true
        }
      ]
    },
    {
      "mode": "managed",
      "type": "null_resource",
      "name": "build_dependencies_authorizer",
      "provider": "provider[\"registry.terraform.io/hashicorp/null\"]",
      "instances": [
        {
          "schema_version": 0,
          "attributes": {
            "id": "697397001915674755",
            "triggers": {
              "dependencies": "50324afabac0cfb257ea8bde076ffe41",
              "source": "94b5c0163ef98d34e834f00748559ed3"
            }
          },
          "sensitive_attributes": [],
          "identity_schema_version": 0,
          "create_before_destroy": true
        }
      ]
    }
  ],
  "check_results": null
}
